
Microsoft Visual Studio Solution File, Format Version 12.00
# Visual Studio Version 17
VisualStudioVersion = 17.0.32014.148
MinimumVisualStudioVersion = 10.0.40219.1
Project("{9A19103F-16F7-4668-BE54-9A1E7A4F7556}") = "MonoGame.GameManager", "MonoGame.GameManager\MonoGame.GameManager.csproj", "{F971F365-1ACC-4491-B197-8CFC372CD4C4}"
EndProject
Project("{2150E333-8FDC-42A3-9474-1A3956D46DE8}") = "Samples", "Samples", "{95DFC7BA-C6AB-49D9-BD98-14134C8A097B}"
EndProject
Project("{2150E333-8FDC-42A3-9474-1A3956D46DE8}") = "Demos", "Demos", "{53F8A0A7-5DA2-458E-B88A-E9F8FE9F357F}"
EndProject
Project("{2150E333-8FDC-42A3-9474-1A3956D46DE8}") = "Games", "Games", "{53677D78-1EF1-45E4-A5B8-C4BA68D3A0FC}"
EndProject
Project("{D954291E-2A0B-460D-934E-DC6B0785DB48}") = "MonoGame.GameManager.Samples.Shared", "Samples\Demos\MonoGame.GameManager.Samples.Shared\MonoGame.GameManager.Samples.Shared.shproj", "{A0CDBD0E-3A41-42B7-9425-A838BC2C7383}"
EndProject
Project("{FAE04EC0-301F-11D3-BF4B-00C04F79EFBC}") = "MonoGame.GameManager.Samples.Android", "Samples\Demos\MonoGame.GameManager.Samples.Android\MonoGame.GameManager.Samples.Android.csproj", "{381CBFDF-1B5C-4891-8CAC-D8600B1F4435}"
EndProject
Project("{FAE04EC0-301F-11D3-BF4B-00C04F79EFBC}") = "MonoGame.GameManager.Samples.UWP", "Samples\Demos\MonoGame.GameManager.Samples.UWP\MonoGame.GameManager.Samples.UWP.csproj", "{E9876555-96CF-49FD-94D8-E6721F8F5017}"
EndProject
Project("{9A19103F-16F7-4668-BE54-9A1E7A4F7556}") = "MonoGame.GameManager.Samples.WinExe", "Samples\Demos\MonoGame.GameManager.Samples.WinExe\MonoGame.GameManager.Samples.WinExe.csproj", "{5D8E2F5E-8296-410A-BD0E-A4344F3B5336}"
EndProject
Project("{9A19103F-16F7-4668-BE54-9A1E7A4F7556}") = "Ping-Pong", "Samples\Games\Ping-Pong\Ping-Pong.csproj", "{CB73B4B2-9A2E-4E8A-BBB6-BDFFCDAF6A30}"
EndProject
Project("{9A19103F-16F7-4668-BE54-9A1E7A4F7556}") = "Snake", "Samples\Games\Snake\Snake.csproj", "{703927DA-86E1-4664-9F3A-831EF4C524A7}"
EndProject
Project("{9A19103F-16F7-4668-BE54-9A1E7A4F7556}") = "Tic-Tac-Toe", "Samples\Games\Tic-Tac-Toe\Tic-Tac-Toe.csproj", "{F9DDB7AF-5F55-43B6-B31F-56607B4EBAED}"
EndProject
Global
	GlobalSection(SharedMSBuildProjectFiles) = preSolution
		Samples\Demos\MonoGame.GameManager.Samples.Shared\MonoGame.GameManager.Samples.Shared.projitems*{381cbfdf-1b5c-4891-8cac-d8600b1f4435}*SharedItemsImports = 4
		Samples\Demos\MonoGame.GameManager.Samples.Shared\MonoGame.GameManager.Samples.Shared.projitems*{5d8e2f5e-8296-410a-bd0e-a4344f3b5336}*SharedItemsImports = 5
		Samples\Demos\MonoGame.GameManager.Samples.Shared\MonoGame.GameManager.Samples.Shared.projitems*{a0cdbd0e-3a41-42b7-9425-a838bc2c7383}*SharedItemsImports = 13
		Samples\Demos\MonoGame.GameManager.Samples.Shared\MonoGame.GameManager.Samples.Shared.projitems*{e9876555-96cf-49fd-94d8-e6721f8f5017}*SharedItemsImports = 4
	EndGlobalSection
	GlobalSection(SolutionConfigurationPlatforms) = preSolution
		Debug|Any CPU = Debug|Any CPU
		Debug|ARM = Debug|ARM
		Debug|ARM64 = Debug|ARM64
		Debug|x64 = Debug|x64
		Debug|x86 = Debug|x86
		Release|Any CPU = Release|Any CPU
		Release|ARM = Release|ARM
		Release|ARM64 = Release|ARM64
		Release|x64 = Release|x64
		Release|x86 = Release|x86
	EndGlobalSection
	GlobalSection(ProjectConfigurationPlatforms) = postSolution
		{F971F365-1ACC-4491-B197-8CFC372CD4C4}.Debug|Any CPU.ActiveCfg = Debug|Any CPU
		{F971F365-1ACC-4491-B197-8CFC372CD4C4}.Debug|Any CPU.Build.0 = Debug|Any CPU
		{F971F365-1ACC-4491-B197-8CFC372CD4C4}.Debug|ARM.ActiveCfg = Debug|Any CPU
		{F971F365-1ACC-4491-B197-8CFC372CD4C4}.Debug|ARM.Build.0 = Debug|Any CPU
		{F971F365-1ACC-4491-B197-8CFC372CD4C4}.Debug|ARM64.ActiveCfg = Debug|Any CPU
		{F971F365-1ACC-4491-B197-8CFC372CD4C4}.Debug|ARM64.Build.0 = Debug|Any CPU
		{F971F365-1ACC-4491-B197-8CFC372CD4C4}.Debug|x64.ActiveCfg = Debug|Any CPU
		{F971F365-1ACC-4491-B197-8CFC372CD4C4}.Debug|x64.Build.0 = Debug|Any CPU
		{F971F365-1ACC-4491-B197-8CFC372CD4C4}.Debug|x86.ActiveCfg = Debug|Any CPU
		{F971F365-1ACC-4491-B197-8CFC372CD4C4}.Debug|x86.Build.0 = Debug|Any CPU
		{F971F365-1ACC-4491-B197-8CFC372CD4C4}.Release|Any CPU.ActiveCfg = Release|Any CPU
		{F971F365-1ACC-4491-B197-8CFC372CD4C4}.Release|Any CPU.Build.0 = Release|Any CPU
		{F971F365-1ACC-4491-B197-8CFC372CD4C4}.Release|ARM.ActiveCfg = Release|Any CPU
		{F971F365-1ACC-4491-B197-8CFC372CD4C4}.Release|ARM.Build.0 = Release|Any CPU
		{F971F365-1ACC-4491-B197-8CFC372CD4C4}.Release|ARM64.ActiveCfg = Release|Any CPU
		{F971F365-1ACC-4491-B197-8CFC372CD4C4}.Release|ARM64.Build.0 = Release|Any CPU
		{F971F365-1ACC-4491-B197-8CFC372CD4C4}.Release|x64.ActiveCfg = Release|Any CPU
		{F971F365-1ACC-4491-B197-8CFC372CD4C4}.Release|x64.Build.0 = Release|Any CPU
		{F971F365-1ACC-4491-B197-8CFC372CD4C4}.Release|x86.ActiveCfg = Release|Any CPU
		{F971F365-1ACC-4491-B197-8CFC372CD4C4}.Release|x86.Build.0 = Release|Any CPU
		{381CBFDF-1B5C-4891-8CAC-D8600B1F4435}.Debug|Any CPU.ActiveCfg = Debug|Any CPU
		{381CBFDF-1B5C-4891-8CAC-D8600B1F4435}.Debug|Any CPU.Build.0 = Debug|Any CPU
		{381CBFDF-1B5C-4891-8CAC-D8600B1F4435}.Debug|Any CPU.Deploy.0 = Debug|Any CPU
		{381CBFDF-1B5C-4891-8CAC-D8600B1F4435}.Debug|ARM.ActiveCfg = Debug|Any CPU
		{381CBFDF-1B5C-4891-8CAC-D8600B1F4435}.Debug|ARM.Build.0 = Debug|Any CPU
		{381CBFDF-1B5C-4891-8CAC-D8600B1F4435}.Debug|ARM.Deploy.0 = Debug|Any CPU
		{381CBFDF-1B5C-4891-8CAC-D8600B1F4435}.Debug|ARM64.ActiveCfg = Debug|Any CPU
		{381CBFDF-1B5C-4891-8CAC-D8600B1F4435}.Debug|ARM64.Build.0 = Debug|Any CPU
		{381CBFDF-1B5C-4891-8CAC-D8600B1F4435}.Debug|ARM64.Deploy.0 = Debug|Any CPU
		{381CBFDF-1B5C-4891-8CAC-D8600B1F4435}.Debug|x64.ActiveCfg = Debug|Any CPU
		{381CBFDF-1B5C-4891-8CAC-D8600B1F4435}.Debug|x64.Build.0 = Debug|Any CPU
		{381CBFDF-1B5C-4891-8CAC-D8600B1F4435}.Debug|x64.Deploy.0 = Debug|Any CPU
		{381CBFDF-1B5C-4891-8CAC-D8600B1F4435}.Debug|x86.ActiveCfg = Debug|Any CPU
		{381CBFDF-1B5C-4891-8CAC-D8600B1F4435}.Debug|x86.Build.0 = Debug|Any CPU
		{381CBFDF-1B5C-4891-8CAC-D8600B1F4435}.Debug|x86.Deploy.0 = Debug|Any CPU
		{381CBFDF-1B5C-4891-8CAC-D8600B1F4435}.Release|Any CPU.ActiveCfg = Release|Any CPU
		{381CBFDF-1B5C-4891-8CAC-D8600B1F4435}.Release|Any CPU.Build.0 = Release|Any CPU
		{381CBFDF-1B5C-4891-8CAC-D8600B1F4435}.Release|Any CPU.Deploy.0 = Release|Any CPU
		{381CBFDF-1B5C-4891-8CAC-D8600B1F4435}.Release|ARM.ActiveCfg = Release|Any CPU
		{381CBFDF-1B5C-4891-8CAC-D8600B1F4435}.Release|ARM.Build.0 = Release|Any CPU
		{381CBFDF-1B5C-4891-8CAC-D8600B1F4435}.Release|ARM.Deploy.0 = Release|Any CPU
		{381CBFDF-1B5C-4891-8CAC-D8600B1F4435}.Release|ARM64.ActiveCfg = Release|Any CPU
		{381CBFDF-1B5C-4891-8CAC-D8600B1F4435}.Release|ARM64.Build.0 = Release|Any CPU
		{381CBFDF-1B5C-4891-8CAC-D8600B1F4435}.Release|ARM64.Deploy.0 = Release|Any CPU
		{381CBFDF-1B5C-4891-8CAC-D8600B1F4435}.Release|x64.ActiveCfg = Release|Any CPU
		{381CBFDF-1B5C-4891-8CAC-D8600B1F4435}.Release|x64.Build.0 = Release|Any CPU
		{381CBFDF-1B5C-4891-8CAC-D8600B1F4435}.Release|x64.Deploy.0 = Release|Any CPU
		{381CBFDF-1B5C-4891-8CAC-D8600B1F4435}.Release|x86.ActiveCfg = Release|Any CPU
		{381CBFDF-1B5C-4891-8CAC-D8600B1F4435}.Release|x86.Build.0 = Release|Any CPU
		{381CBFDF-1B5C-4891-8CAC-D8600B1F4435}.Release|x86.Deploy.0 = Release|Any CPU
		{E9876555-96CF-49FD-94D8-E6721F8F5017}.Debug|Any CPU.ActiveCfg = Debug|x64
		{E9876555-96CF-49FD-94D8-E6721F8F5017}.Debug|Any CPU.Build.0 = Debug|x64
		{E9876555-96CF-49FD-94D8-E6721F8F5017}.Debug|Any CPU.Deploy.0 = Debug|x64
		{E9876555-96CF-49FD-94D8-E6721F8F5017}.Debug|ARM.ActiveCfg = Debug|ARM
		{E9876555-96CF-49FD-94D8-E6721F8F5017}.Debug|ARM.Build.0 = Debug|ARM
		{E9876555-96CF-49FD-94D8-E6721F8F5017}.Debug|ARM.Deploy.0 = Debug|ARM
		{E9876555-96CF-49FD-94D8-E6721F8F5017}.Debug|ARM64.ActiveCfg = Debug|x64
		{E9876555-96CF-49FD-94D8-E6721F8F5017}.Debug|ARM64.Build.0 = Debug|x64
		{E9876555-96CF-49FD-94D8-E6721F8F5017}.Debug|ARM64.Deploy.0 = Debug|x64
		{E9876555-96CF-49FD-94D8-E6721F8F5017}.Debug|x64.ActiveCfg = Debug|x64
		{E9876555-96CF-49FD-94D8-E6721F8F5017}.Debug|x64.Build.0 = Debug|x64
		{E9876555-96CF-49FD-94D8-E6721F8F5017}.Debug|x64.Deploy.0 = Debug|x64
		{E9876555-96CF-49FD-94D8-E6721F8F5017}.Debug|x86.ActiveCfg = Debug|x86
		{E9876555-96CF-49FD-94D8-E6721F8F5017}.Debug|x86.Build.0 = Debug|x86
		{E9876555-96CF-49FD-94D8-E6721F8F5017}.Debug|x86.Deploy.0 = Debug|x86
		{E9876555-96CF-49FD-94D8-E6721F8F5017}.Release|Any CPU.ActiveCfg = Release|x64
		{E9876555-96CF-49FD-94D8-E6721F8F5017}.Release|Any CPU.Build.0 = Release|x64
		{E9876555-96CF-49FD-94D8-E6721F8F5017}.Release|Any CPU.Deploy.0 = Release|x64
		{E9876555-96CF-49FD-94D8-E6721F8F5017}.Release|ARM.ActiveCfg = Release|ARM
		{E9876555-96CF-49FD-94D8-E6721F8F5017}.Release|ARM.Build.0 = Release|ARM
		{E9876555-96CF-49FD-94D8-E6721F8F5017}.Release|ARM.Deploy.0 = Release|ARM
		{E9876555-96CF-49FD-94D8-E6721F8F5017}.Release|ARM64.ActiveCfg = Release|x64
		{E9876555-96CF-49FD-94D8-E6721F8F5017}.Release|ARM64.Build.0 = Release|x64
		{E9876555-96CF-49FD-94D8-E6721F8F5017}.Release|ARM64.Deploy.0 = Release|x64
		{E9876555-96CF-49FD-94D8-E6721F8F5017}.Release|x64.ActiveCfg = Release|x64
		{E9876555-96CF-49FD-94D8-E6721F8F5017}.Release|x64.Build.0 = Release|x64
		{E9876555-96CF-49FD-94D8-E6721F8F5017}.Release|x64.Deploy.0 = Release|x64
		{E9876555-96CF-49FD-94D8-E6721F8F5017}.Release|x86.ActiveCfg = Release|x86
		{E9876555-96CF-49FD-94D8-E6721F8F5017}.Release|x86.Build.0 = Release|x86
		{E9876555-96CF-49FD-94D8-E6721F8F5017}.Release|x86.Deploy.0 = Release|x86
		{5D8E2F5E-8296-410A-BD0E-A4344F3B5336}.Debug|Any CPU.ActiveCfg = Debug|Any CPU
		{5D8E2F5E-8296-410A-BD0E-A4344F3B5336}.Debug|Any CPU.Build.0 = Debug|Any CPU
		{5D8E2F5E-8296-410A-BD0E-A4344F3B5336}.Debug|ARM.ActiveCfg = Debug|Any CPU
		{5D8E2F5E-8296-410A-BD0E-A4344F3B5336}.Debug|ARM.Build.0 = Debug|Any CPU
		{5D8E2F5E-8296-410A-BD0E-A4344F3B5336}.Debug|ARM64.ActiveCfg = Debug|Any CPU
		{5D8E2F5E-8296-410A-BD0E-A4344F3B5336}.Debug|ARM64.Build.0 = Debug|Any CPU
		{5D8E2F5E-8296-410A-BD0E-A4344F3B5336}.Debug|x64.ActiveCfg = Debug|Any CPU
		{5D8E2F5E-8296-410A-BD0E-A4344F3B5336}.Debug|x64.Build.0 = Debug|Any CPU
		{5D8E2F5E-8296-410A-BD0E-A4344F3B5336}.Debug|x86.ActiveCfg = Debug|Any CPU
		{5D8E2F5E-8296-410A-BD0E-A4344F3B5336}.Debug|x86.Build.0 = Debug|Any CPU
		{5D8E2F5E-8296-410A-BD0E-A4344F3B5336}.Release|Any CPU.ActiveCfg = Release|Any CPU
		{5D8E2F5E-8296-410A-BD0E-A4344F3B5336}.Release|Any CPU.Build.0 = Release|Any CPU
		{5D8E2F5E-8296-410A-BD0E-A4344F3B5336}.Release|ARM.ActiveCfg = Release|Any CPU
		{5D8E2F5E-8296-410A-BD0E-A4344F3B5336}.Release|ARM.Build.0 = Release|Any CPU
		{5D8E2F5E-8296-410A-BD0E-A4344F3B5336}.Release|ARM64.ActiveCfg = Release|Any CPU
		{5D8E2F5E-8296-410A-BD0E-A4344F3B5336}.Release|ARM64.Build.0 = Release|Any CPU
		{5D8E2F5E-8296-410A-BD0E-A4344F3B5336}.Release|x64.ActiveCfg = Release|Any CPU
		{5D8E2F5E-8296-410A-BD0E-A4344F3B5336}.Release|x64.Build.0 = Release|Any CPU
		{5D8E2F5E-8296-410A-BD0E-A4344F3B5336}.Release|x86.ActiveCfg = Release|Any CPU
		{5D8E2F5E-8296-410A-BD0E-A4344F3B5336}.Release|x86.Build.0 = Release|Any CPU
		{CB73B4B2-9A2E-4E8A-BBB6-BDFFCDAF6A30}.Debug|Any CPU.ActiveCfg = Debug|Any CPU
		{CB73B4B2-9A2E-4E8A-BBB6-BDFFCDAF6A30}.Debug|Any CPU.Build.0 = Debug|Any CPU
		{CB73B4B2-9A2E-4E8A-BBB6-BDFFCDAF6A30}.Debug|ARM.ActiveCfg = Debug|Any CPU
		{CB73B4B2-9A2E-4E8A-BBB6-BDFFCDAF6A30}.Debug|ARM.Build.0 = Debug|Any CPU
		{CB73B4B2-9A2E-4E8A-BBB6-BDFFCDAF6A30}.Debug|ARM64.ActiveCfg = Debug|Any CPU
		{CB73B4B2-9A2E-4E8A-BBB6-BDFFCDAF6A30}.Debug|ARM64.Build.0 = Debug|Any CPU
		{CB73B4B2-9A2E-4E8A-BBB6-BDFFCDAF6A30}.Debug|x64.ActiveCfg = Debug|Any CPU
		{CB73B4B2-9A2E-4E8A-BBB6-BDFFCDAF6A30}.Debug|x64.Build.0 = Debug|Any CPU
		{CB73B4B2-9A2E-4E8A-BBB6-BDFFCDAF6A30}.Debug|x86.ActiveCfg = Debug|Any CPU
		{CB73B4B2-9A2E-4E8A-BBB6-BDFFCDAF6A30}.Debug|x86.Build.0 = Debug|Any CPU
		{CB73B4B2-9A2E-4E8A-BBB6-BDFFCDAF6A30}.Release|Any CPU.ActiveCfg = Release|Any CPU
		{CB73B4B2-9A2E-4E8A-BBB6-BDFFCDAF6A30}.Release|Any CPU.Build.0 = Release|Any CPU
		{CB73B4B2-9A2E-4E8A-BBB6-BDFFCDAF6A30}.Release|ARM.ActiveCfg = Release|Any CPU
		{CB73B4B2-9A2E-4E8A-BBB6-BDFFCDAF6A30}.Release|ARM.Build.0 = Release|Any CPU
		{CB73B4B2-9A2E-4E8A-BBB6-BDFFCDAF6A30}.Release|ARM64.ActiveCfg = Release|Any CPU
		{CB73B4B2-9A2E-4E8A-BBB6-BDFFCDAF6A30}.Release|ARM64.Build.0 = Release|Any CPU
		{CB73B4B2-9A2E-4E8A-BBB6-BDFFCDAF6A30}.Release|x64.ActiveCfg = Release|Any CPU
		{CB73B4B2-9A2E-4E8A-BBB6-BDFFCDAF6A30}.Release|x64.Build.0 = Release|Any CPU
		{CB73B4B2-9A2E-4E8A-BBB6-BDFFCDAF6A30}.Release|x86.ActiveCfg = Release|Any CPU
		{CB73B4B2-9A2E-4E8A-BBB6-BDFFCDAF6A30}.Release|x86.Build.0 = Release|Any CPU
		{703927DA-86E1-4664-9F3A-831EF4C524A7}.Debug|Any CPU.ActiveCfg = Debug|Any CPU
		{703927DA-86E1-4664-9F3A-831EF4C524A7}.Debug|Any CPU.Build.0 = Debug|Any CPU
		{703927DA-86E1-4664-9F3A-831EF4C524A7}.Debug|ARM.ActiveCfg = Debug|Any CPU
		{703927DA-86E1-4664-9F3A-831EF4C524A7}.Debug|ARM.Build.0 = Debug|Any CPU
		{703927DA-86E1-4664-9F3A-831EF4C524A7}.Debug|ARM64.ActiveCfg = Debug|Any CPU
		{703927DA-86E1-4664-9F3A-831EF4C524A7}.Debug|ARM64.Build.0 = Debug|Any CPU
		{703927DA-86E1-4664-9F3A-831EF4C524A7}.Debug|x64.ActiveCfg = Debug|Any CPU
		{703927DA-86E1-4664-9F3A-831EF4C524A7}.Debug|x64.Build.0 = Debug|Any CPU
		{703927DA-86E1-4664-9F3A-831EF4C524A7}.Debug|x86.ActiveCfg = Debug|Any CPU
		{703927DA-86E1-4664-9F3A-831EF4C524A7}.Debug|x86.Build.0 = Debug|Any CPU
		{703927DA-86E1-4664-9F3A-831EF4C524A7}.Release|Any CPU.ActiveCfg = Release|Any CPU
		{703927DA-86E1-4664-9F3A-831EF4C524A7}.Release|Any CPU.Build.0 = Release|Any CPU
		{703927DA-86E1-4664-9F3A-831EF4C524A7}.Release|ARM.ActiveCfg = Release|Any CPU
		{703927DA-86E1-4664-9F3A-831EF4C524A7}.Release|ARM.Build.0 = Release|Any CPU
		{703927DA-86E1-4664-9F3A-831EF4C524A7}.Release|ARM64.ActiveCfg = Release|Any CPU
		{703927DA-86E1-4664-9F3A-831EF4C524A7}.Release|ARM64.Build.0 = Release|Any CPU
		{703927DA-86E1-4664-9F3A-831EF4C524A7}.Release|x64.ActiveCfg = Release|Any CPU
		{703927DA-86E1-4664-9F3A-831EF4C524A7}.Release|x64.Build.0 = Release|Any CPU
		{703927DA-86E1-4664-9F3A-831EF4C524A7}.Release|x86.ActiveCfg = Release|Any CPU
		{703927DA-86E1-4664-9F3A-831EF4C524A7}.Release|x86.Build.0 = Release|Any CPU
		{F9DDB7AF-5F55-43B6-B31F-56607B4EBAED}.Debug|Any CPU.ActiveCfg = Debug|Any CPU
		{F9DDB7AF-5F55-43B6-B31F-56607B4EBAED}.Debug|Any CPU.Build.0 = Debug|Any CPU
		{F9DDB7AF-5F55-43B6-B31F-56607B4EBAED}.Debug|ARM.ActiveCfg = Debug|Any CPU
		{F9DDB7AF-5F55-43B6-B31F-56607B4EBAED}.Debug|ARM.Build.0 = Debug|Any CPU
		{F9DDB7AF-5F55-43B6-B31F-56607B4EBAED}.Debug|ARM64.ActiveCfg = Debug|Any CPU
		{F9DDB7AF-5F55-43B6-B31F-56607B4EBAED}.Debug|ARM64.Build.0 = Debug|Any CPU
		{F9DDB7AF-5F55-43B6-B31F-56607B4EBAED}.Debug|x64.ActiveCfg = Debug|Any CPU
		{F9DDB7AF-5F55-43B6-B31F-56607B4EBAED}.Debug|x64.Build.0 = Debug|Any CPU
		{F9DDB7AF-5F55-43B6-B31F-56607B4EBAED}.Debug|x86.ActiveCfg = Debug|Any CPU
		{F9DDB7AF-5F55-43B6-B31F-56607B4EBAED}.Debug|x86.Build.0 = Debug|Any CPU
		{F9DDB7AF-5F55-43B6-B31F-56607B4EBAED}.Release|Any CPU.ActiveCfg = Release|Any CPU
		{F9DDB7AF-5F55-43B6-B31F-56607B4EBAED}.Release|Any CPU.Build.0 = Release|Any CPU
		{F9DDB7AF-5F55-43B6-B31F-56607B4EBAED}.Release|ARM.ActiveCfg = Release|Any CPU
		{F9DDB7AF-5F55-43B6-B31F-56607B4EBAED}.Release|ARM.Build.0 = Release|Any CPU
		{F9DDB7AF-5F55-43B6-B31F-56607B4EBAED}.Release|ARM64.ActiveCfg = Release|Any CPU
		{F9DDB7AF-5F55-43B6-B31F-56607B4EBAED}.Release|ARM64.Build.0 = Release|Any CPU
		{F9DDB7AF-5F55-43B6-B31F-56607B4EBAED}.Release|x64.ActiveCfg = Release|Any CPU
		{F9DDB7AF-5F55-43B6-B31F-56607B4EBAED}.Release|x64.Build.0 = Release|Any CPU
		{F9DDB7AF-5F55-43B6-B31F-56607B4EBAED}.Release|x86.ActiveCfg = Release|Any CPU
		{F9DDB7AF-5F55-43B6-B31F-56607B4EBAED}.Release|x86.Build.0 = Release|Any CPU
	EndGlobalSection
	GlobalSection(SolutionProperties) = preSolution
		HideSolutionNode = FALSE
	EndGlobalSection
	GlobalSection(NestedProjects) = preSolution
		{53F8A0A7-5DA2-458E-B88A-E9F8FE9F357F} = {95DFC7BA-C6AB-49D9-BD98-14134C8A097B}
		{53677D78-1EF1-45E4-A5B8-C4BA68D3A0FC} = {95DFC7BA-C6AB-49D9-BD98-14134C8A097B}
		{A0CDBD0E-3A41-42B7-9425-A838BC2C7383} = {53F8A0A7-5DA2-458E-B88A-E9F8FE9F357F}
		{381CBFDF-1B5C-4891-8CAC-D8600B1F4435} = {53F8A0A7-5DA2-458E-B88A-E9F8FE9F357F}
		{E9876555-96CF-49FD-94D8-E6721F8F5017} = {53F8A0A7-5DA2-458E-B88A-E9F8FE9F357F}
		{5D8E2F5E-8296-410A-BD0E-A4344F3B5336} = {53F8A0A7-5DA2-458E-B88A-E9F8FE9F357F}
		{CB73B4B2-9A2E-4E8A-BBB6-BDFFCDAF6A30} = {53677D78-1EF1-45E4-A5B8-C4BA68D3A0FC}
		{703927DA-86E1-4664-9F3A-831EF4C524A7} = {53677D78-1EF1-45E4-A5B8-C4BA68D3A0FC}
		{F9DDB7AF-5F55-43B6-B31F-56607B4EBAED} = {53677D78-1EF1-45E4-A5B8-C4BA68D3A0FC}
	EndGlobalSection
	GlobalSection(ExtensibilityGlobals) = postSolution
		SolutionGuid = {88617BC2-4498-47EB-AED9-CA5B78540D69}
	EndGlobalSection
EndGlobal
